// !$*UTF8*$!
{
	archiveVersion = 1;
	classes = {
	};
	objectVersion = 51;
	objects = {

/* Begin PBXBuildFile section */
		14E15602261AA7660054748B /* GoogleService-Info.plist in Resources */ = {isa = PBXBuildFile; fileRef = 14E15601261AA7660054748B /* GoogleService-Info.plist */; };
		14E15607261AB0B70054748B /* LoginViewController.swift in Sources */ = {isa = PBXBuildFile; fileRef = 14E15606261AB0B70054748B /* LoginViewController.swift */; };
		14E15630261AB8F80054748B /* WelcomeViewController.swift in Sources */ = {isa = PBXBuildFile; fileRef = 14E1562F261AB8F80054748B /* WelcomeViewController.swift */; };
		6EC066B5A954E1082A6F98BE /* Pods_ProyectoModulo1_5G.framework in Frameworks */ = {isa = PBXBuildFile; fileRef = A6160238C30D485D3BAEE86F /* Pods_ProyectoModulo1_5G.framework */; };
		9295332A261A966600C8A7FB /* AppDelegate.swift in Sources */ = {isa = PBXBuildFile; fileRef = 92953329261A966600C8A7FB /* AppDelegate.swift */; };
		9295332C261A966600C8A7FB /* SceneDelegate.swift in Sources */ = {isa = PBXBuildFile; fileRef = 9295332B261A966600C8A7FB /* SceneDelegate.swift */; };
		9295332E261A966600C8A7FB /* MainViewController.swift in Sources */ = {isa = PBXBuildFile; fileRef = 9295332D261A966600C8A7FB /* MainViewController.swift */; };
		92953331261A966600C8A7FB /* Main.storyboard in Resources */ = {isa = PBXBuildFile; fileRef = 9295332F261A966600C8A7FB /* Main.storyboard */; };
		92953333261A966800C8A7FB /* Assets.xcassets in Resources */ = {isa = PBXBuildFile; fileRef = 92953332261A966800C8A7FB /* Assets.xcassets */; };
		92953336261A966800C8A7FB /* LaunchScreen.storyboard in Resources */ = {isa = PBXBuildFile; fileRef = 92953334261A966800C8A7FB /* LaunchScreen.storyboard */; };
/* End PBXBuildFile section */

/* Begin PBXFileReference section */
		14E15601261AA7660054748B /* GoogleService-Info.plist */ = {isa = PBXFileReference; fileEncoding = 4; lastKnownFileType = text.plist.xml; name = "GoogleService-Info.plist"; path = "../../../../../GoogleService-Info.plist"; sourceTree = "<group>"; };
		14E15606261AB0B70054748B /* LoginViewController.swift */ = {isa = PBXFileReference; lastKnownFileType = sourcecode.swift; path = LoginViewController.swift; sourceTree = "<group>"; };
		14E1562F261AB8F80054748B /* WelcomeViewController.swift */ = {isa = PBXFileReference; lastKnownFileType = sourcecode.swift; path = WelcomeViewController.swift; sourceTree = "<group>"; };
		2CE1A89670471B829D1B07EB /* Pods-ProyectoModulo1-5G.release.xcconfig */ = {isa = PBXFileReference; includeInIndex = 1; lastKnownFileType = text.xcconfig; name = "Pods-ProyectoModulo1-5G.release.xcconfig"; path = "Target Support Files/Pods-ProyectoModulo1-5G/Pods-ProyectoModulo1-5G.release.xcconfig"; sourceTree = "<group>"; };
		46263A3A2460BBC363262F20 /* Pods-ProyectoModulo1-5G.debug.xcconfig */ = {isa = PBXFileReference; includeInIndex = 1; lastKnownFileType = text.xcconfig; name = "Pods-ProyectoModulo1-5G.debug.xcconfig"; path = "Target Support Files/Pods-ProyectoModulo1-5G/Pods-ProyectoModulo1-5G.debug.xcconfig"; sourceTree = "<group>"; };
		92953326261A966600C8A7FB /* ProyectoModulo1-5G.app */ = {isa = PBXFileReference; explicitFileType = wrapper.application; includeInIndex = 0; path = "ProyectoModulo1-5G.app"; sourceTree = BUILT_PRODUCTS_DIR; };
		92953329261A966600C8A7FB /* AppDelegate.swift */ = {isa = PBXFileReference; lastKnownFileType = sourcecode.swift; path = AppDelegate.swift; sourceTree = "<group>"; };
		9295332B261A966600C8A7FB /* SceneDelegate.swift */ = {isa = PBXFileReference; lastKnownFileType = sourcecode.swift; path = SceneDelegate.swift; sourceTree = "<group>"; };
		9295332D261A966600C8A7FB /* MainViewController.swift */ = {isa = PBXFileReference; lastKnownFileType = sourcecode.swift; path = MainViewController.swift; sourceTree = "<group>"; };
		92953330261A966600C8A7FB /* Base */ = {isa = PBXFileReference; lastKnownFileType = file.storyboard; name = Base; path = Base.lproj/Main.storyboard; sourceTree = "<group>"; };
		92953332261A966800C8A7FB /* Assets.xcassets */ = {isa = PBXFileReference; lastKnownFileType = folder.assetcatalog; path = Assets.xcassets; sourceTree = "<group>"; };
		92953335261A966800C8A7FB /* Base */ = {isa = PBXFileReference; lastKnownFileType = file.storyboard; name = Base; path = Base.lproj/LaunchScreen.storyboard; sourceTree = "<group>"; };
		92953337261A966800C8A7FB /* Info.plist */ = {isa = PBXFileReference; lastKnownFileType = text.plist.xml; path = Info.plist; sourceTree = "<group>"; };
		A6160238C30D485D3BAEE86F /* Pods_ProyectoModulo1_5G.framework */ = {isa = PBXFileReference; explicitFileType = wrapper.framework; includeInIndex = 0; path = Pods_ProyectoModulo1_5G.framework; sourceTree = BUILT_PRODUCTS_DIR; };
/* End PBXFileReference section */

/* Begin PBXFrameworksBuildPhase section */
		92953323261A966600C8A7FB /* Frameworks */ = {
			isa = PBXFrameworksBuildPhase;
			buildActionMask = 2147483647;
			files = (
				6EC066B5A954E1082A6F98BE /* Pods_ProyectoModulo1_5G.framework in Frameworks */,
			);
			runOnlyForDeploymentPostprocessing = 0;
		};
/* End PBXFrameworksBuildPhase section */

/* Begin PBXGroup section */
		0994CCFCA99D7462B1FB49F1 /* Frameworks */ = {
			isa = PBXGroup;
			children = (
				A6160238C30D485D3BAEE86F /* Pods_ProyectoModulo1_5G.framework */,
			);
			name = Frameworks;
			sourceTree = "<group>";
		};
		14E15604261AAEDE0054748B /* Controllers */ = {
			isa = PBXGroup;
			children = (
				9295332D261A966600C8A7FB /* MainViewController.swift */,
				14E15606261AB0B70054748B /* LoginViewController.swift */,
				14E1562F261AB8F80054748B /* WelcomeViewController.swift */,
			);
			path = Controllers;
			sourceTree = "<group>";
		};
		72E77E0AFA339B50381DB722 /* Pods */ = {
			isa = PBXGroup;
			children = (
				46263A3A2460BBC363262F20 /* Pods-ProyectoModulo1-5G.debug.xcconfig */,
				2CE1A89670471B829D1B07EB /* Pods-ProyectoModulo1-5G.release.xcconfig */,
			);
			path = Pods;
			sourceTree = "<group>";
		};
		9295331D261A966600C8A7FB = {
			isa = PBXGroup;
			children = (
				92953328261A966600C8A7FB /* ProyectoModulo1-5G */,
				92953327261A966600C8A7FB /* Products */,
				72E77E0AFA339B50381DB722 /* Pods */,
				0994CCFCA99D7462B1FB49F1 /* Frameworks */,
			);
			sourceTree = "<group>";
		};
		92953327261A966600C8A7FB /* Products */ = {
			isa = PBXGroup;
			children = (
				92953326261A966600C8A7FB /* ProyectoModulo1-5G.app */,
			);
			name = Products;
			sourceTree = "<group>";
		};
		92953328261A966600C8A7FB /* ProyectoModulo1-5G */ = {
			isa = PBXGroup;
			children = (
				14E15604261AAEDE0054748B /* Controllers */,
				92953329261A966600C8A7FB /* AppDelegate.swift */,
				9295332B261A966600C8A7FB /* SceneDelegate.swift */,
				9295332F261A966600C8A7FB /* Main.storyboard */,
				92953332261A966800C8A7FB /* Assets.xcassets */,
				92953334261A966800C8A7FB /* LaunchScreen.storyboard */,
				14E15601261AA7660054748B /* GoogleService-Info.plist */,
				92953337261A966800C8A7FB /* Info.plist */,
			);
			path = "ProyectoModulo1-5G";
			sourceTree = "<group>";
		};
/* End PBXGroup section */

/* Begin PBXNativeTarget section */
		92953325261A966600C8A7FB /* ProyectoModulo1-5G */ = {
			isa = PBXNativeTarget;
			buildConfigurationList = 9295333A261A966800C8A7FB /* Build configuration list for PBXNativeTarget "ProyectoModulo1-5G" */;
			buildPhases = (
				0DC6BD2819FF9F752F1BD860 /* [CP] Check Pods Manifest.lock */,
				92953322261A966600C8A7FB /* Sources */,
				92953323261A966600C8A7FB /* Frameworks */,
				92953324261A966600C8A7FB /* Resources */,
				67046A5C99A0FED3783DA4E4 /* [CP] Embed Pods Frameworks */,
				66B6E9FD31BF619F81691CBB /* [CP] Copy Pods Resources */,
			);
			buildRules = (
			);
			dependencies = (
			);
			name = "ProyectoModulo1-5G";
			productName = "ProyectoModulo1-5G";
			productReference = 92953326261A966600C8A7FB /* ProyectoModulo1-5G.app */;
			productType = "com.apple.product-type.application";
		};
/* End PBXNativeTarget section */

/* Begin PBXProject section */
		9295331E261A966600C8A7FB /* Project object */ = {
			isa = PBXProject;
			attributes = {
				LastSwiftUpdateCheck = 1240;
				LastUpgradeCheck = 1240;
				TargetAttributes = {
					92953325261A966600C8A7FB = {
						CreatedOnToolsVersion = 12.4;
					};
				};
			};
			buildConfigurationList = 92953321261A966600C8A7FB /* Build configuration list for PBXProject "ProyectoModulo1-5G" */;
			compatibilityVersion = "Xcode 9.3";
			developmentRegion = en;
			hasScannedForEncodings = 0;
			knownRegions = (
				en,
				Base,
			);
			mainGroup = 9295331D261A966600C8A7FB;
			productRefGroup = 92953327261A966600C8A7FB /* Products */;
			projectDirPath = "";
			projectRoot = "";
			targets = (
				92953325261A966600C8A7FB /* ProyectoModulo1-5G */,
			);
		};
/* End PBXProject section */

/* Begin PBXResourcesBuildPhase section */
		92953324261A966600C8A7FB /* Resources */ = {
			isa = PBXResourcesBuildPhase;
			buildActionMask = 2147483647;
			files = (
				92953336261A966800C8A7FB /* LaunchScreen.storyboard in Resources */,
				14E15602261AA7660054748B /* GoogleService-Info.plist in Resources */,
				92953333261A966800C8A7FB /* Assets.xcassets in Resources */,
				92953331261A966600C8A7FB /* Main.storyboard in Resources */,
			);
			runOnlyForDeploymentPostprocessing = 0;
		};
/* End PBXResourcesBuildPhase section */

/* Begin PBXShellScriptBuildPhase section */
		0DC6BD2819FF9F752F1BD860 /* [CP] Check Pods Manifest.lock */ = {
			isa = PBXShellScriptBuildPhase;
			buildActionMask = 2147483647;
			files = (
			);
			inputFileListPaths = (
			);
			inputPaths = (
				"${PODS_PODFILE_DIR_PATH}/Podfile.lock",
				"${PODS_ROOT}/Manifest.lock",
			);
			name = "[CP] Check Pods Manifest.lock";
			outputFileListPaths = (
			);
			outputPaths = (
				"$(DERIVED_FILE_DIR)/Pods-ProyectoModulo1-5G-checkManifestLockResult.txt",
			);
			runOnlyForDeploymentPostprocessing = 0;
			shellPath = /bin/sh;
			shellScript = "diff \"${PODS_PODFILE_DIR_PATH}/Podfile.lock\" \"${PODS_ROOT}/Manifest.lock\" > /dev/null\nif [ $? != 0 ] ; then\n    # print error to STDERR\n    echo \"error: The sandbox is not in sync with the Podfile.lock. Run 'pod install' or update your CocoaPods installation.\" >&2\n    exit 1\nfi\n# This output is used by Xcode 'outputs' to avoid re-running this script phase.\necho \"SUCCESS\" > \"${SCRIPT_OUTPUT_FILE_0}\"\n";
			showEnvVarsInLog = 0;
		};
		66B6E9FD31BF619F81691CBB /* [CP] Copy Pods Resources */ = {
			isa = PBXShellScriptBuildPhase;
			buildActionMask = 2147483647;
			files = (
			);
			inputFileListPaths = (
				"${PODS_ROOT}/Target Support Files/Pods-ProyectoModulo1-5G/Pods-ProyectoModulo1-5G-resources-${CONFIGURATION}-input-files.xcfilelist",
			);
			name = "[CP] Copy Pods Resources";
			outputFileListPaths = (
				"${PODS_ROOT}/Target Support Files/Pods-ProyectoModulo1-5G/Pods-ProyectoModulo1-5G-resources-${CONFIGURATION}-output-files.xcfilelist",
			);
			runOnlyForDeploymentPostprocessing = 0;
			shellPath = /bin/sh;
			shellScript = "\"${PODS_ROOT}/Target Support Files/Pods-ProyectoModulo1-5G/Pods-ProyectoModulo1-5G-resources.sh\"\n";
			showEnvVarsInLog = 0;
		};
		67046A5C99A0FED3783DA4E4 /* [CP] Embed Pods Frameworks */ = {
			isa = PBXShellScriptBuildPhase;
			buildActionMask = 2147483647;
			files = (
			);
			inputFileListPaths = (
				"${PODS_ROOT}/Target Support Files/Pods-ProyectoModulo1-5G/Pods-ProyectoModulo1-5G-frameworks-${CONFIGURATION}-input-files.xcfilelist",
			);
			name = "[CP] Embed Pods Frameworks";
			outputFileListPaths = (
				"${PODS_ROOT}/Target Support Files/Pods-ProyectoModulo1-5G/Pods-ProyectoModulo1-5G-frameworks-${CONFIGURATION}-output-files.xcfilelist",
			);
			runOnlyForDeploymentPostprocessing = 0;
			shellPath = /bin/sh;
			shellScript = "\"${PODS_ROOT}/Target Support Files/Pods-ProyectoModulo1-5G/Pods-ProyectoModulo1-5G-frameworks.sh\"\n";
			showEnvVarsInLog = 0;
		};
/* End PBXShellScriptBuildPhase section */

/* Begin PBXSourcesBuildPhase section */
		92953322261A966600C8A7FB /* Sources */ = {
			isa = PBXSourcesBuildPhase;
			buildActionMask = 2147483647;
			files = (
				14E15607261AB0B70054748B /* LoginViewController.swift in Sources */,
				14E15630261AB8F80054748B /* WelcomeViewController.swift in Sources */,
				9295332E261A966600C8A7FB /* MainViewController.swift in Sources */,
				9295332A261A966600C8A7FB /* AppDelegate.swift in Sources */,
				9295332C261A966600C8A7FB /* SceneDelegate.swift in Sources */,
			);
			runOnlyForDeploymentPostprocessing = 0;
		};
/* End PBXSourcesBuildPhase section */

/* Begin PBXVariantGroup section */
		9295332F261A966600C8A7FB /* Main.storyboard */ = {
			isa = PBXVariantGroup;
			children = (
				92953330261A966600C8A7FB /* Base */,
			);
			name = Main.storyboard;
			sourceTree = "<group>";
		};
		92953334261A966800C8A7FB /* LaunchScreen.storyboard */ = {
			isa = PBXVariantGroup;
			children = (
				92953335261A966800C8A7FB /* Base */,
			);
			name = LaunchScreen.storyboard;
			sourceTree = "<group>";
		};
/* End PBXVariantGroup section */

/* Begin XCBuildConfiguration section */
		92953338261A966800C8A7FB /* Debug */ = {
			isa = XCBuildConfiguration;
			buildSettings = {
				ALWAYS_SEARCH_USER_PATHS = NO;
				CLANG_ANALYZER_NONNULL = YES;
				CLANG_ANALYZER_NUMBER_OBJECT_CONVERSION = YES_AGGRESSIVE;
				CLANG_CXX_LANGUAGE_STANDARD = "gnu++14";
				CLANG_CXX_LIBRARY = "libc++";
				CLANG_ENABLE_MODULES = YES;
				CLANG_ENABLE_OBJC_ARC = YES;
				CLANG_ENABLE_OBJC_WEAK = YES;
				CLANG_WARN_BLOCK_CAPTURE_AUTORELEASING = YES;
				CLANG_WARN_BOOL_CONVERSION = YES;
				CLANG_WARN_COMMA = YES;
				CLANG_WARN_CONSTANT_CONVERSION = YES;
				CLANG_WARN_DEPRECATED_OBJC_IMPLEMENTATIONS = YES;
				CLANG_WARN_DIRECT_OBJC_ISA_USAGE = YES_ERROR;
				CLANG_WARN_DOCUMENTATION_COMMENTS = YES;
				CLANG_WARN_EMPTY_BODY = YES;
				CLANG_WARN_ENUM_CONVERSION = YES;
				CLANG_WARN_INFINITE_RECURSION = YES;
				CLANG_WARN_INT_CONVERSION = YES;
				CLANG_WARN_NON_LITERAL_NULL_CONVERSION = YES;
				CLANG_WARN_OBJC_IMPLICIT_RETAIN_SELF = YES;
				CLANG_WARN_OBJC_LITERAL_CONVERSION = YES;
				CLANG_WARN_OBJC_ROOT_CLASS = YES_ERROR;
				CLANG_WARN_QUOTED_INCLUDE_IN_FRAMEWORK_HEADER = YES;
				CLANG_WARN_RANGE_LOOP_ANALYSIS = YES;
				CLANG_WARN_STRICT_PROTOTYPES = YES;
				CLANG_WARN_SUSPICIOUS_MOVE = YES;
				CLANG_WARN_UNGUARDED_AVAILABILITY = YES_AGGRESSIVE;
				CLANG_WARN_UNREACHABLE_CODE = YES;
				CLANG_WARN__DUPLICATE_METHOD_MATCH = YES;
				COPY_PHASE_STRIP = NO;
				DEBUG_INFORMATION_FORMAT = dwarf;
				ENABLE_STRICT_OBJC_MSGSEND = YES;
				ENABLE_TESTABILITY = YES;
				GCC_C_LANGUAGE_STANDARD = gnu11;
				GCC_DYNAMIC_NO_PIC = NO;
				GCC_NO_COMMON_BLOCKS = YES;
				GCC_OPTIMIZATION_LEVEL = 0;
				GCC_PREPROCESSOR_DEFINITIONS = (
					"DEBUG=1",
					"$(inherited)",
				);
				GCC_WARN_64_TO_32_BIT_CONVERSION = YES;
				GCC_WARN_ABOUT_RETURN_TYPE = YES_ERROR;
				GCC_WARN_UNDECLARED_SELECTOR = YES;
				GCC_WARN_UNINITIALIZED_AUTOS = YES_AGGRESSIVE;
				GCC_WARN_UNUSED_FUNCTION = YES;
				GCC_WARN_UNUSED_VARIABLE = YES;
				IPHONEOS_DEPLOYMENT_TARGET = 14.4;
				MTL_ENABLE_DEBUG_INFO = INCLUDE_SOURCE;
				MTL_FAST_MATH = YES;
				ONLY_ACTIVE_ARCH = YES;
				SDKROOT = iphoneos;
				SWIFT_ACTIVE_COMPILATION_CONDITIONS = DEBUG;
				SWIFT_OPTIMIZATION_LEVEL = "-Onone";
			};
			name = Debug;
		};
		92953339261A966800C8A7FB /* Release */ = {
			isa = XCBuildConfiguration;
			buildSettings = {
				ALWAYS_SEARCH_USER_PATHS = NO;
				CLANG_ANALYZER_NONNULL = YES;
				CLANG_ANALYZER_NUMBER_OBJECT_CONVERSION = YES_AGGRESSIVE;
				CLANG_CXX_LANGUAGE_STANDARD = "gnu++14";
				CLANG_CXX_LIBRARY = "libc++";
				CLANG_ENABLE_MODULES = YES;
				CLANG_ENABLE_OBJC_ARC = YES;
				CLANG_ENABLE_OBJC_WEAK = YES;
				CLANG_WARN_BLOCK_CAPTURE_AUTORELEASING = YES;
				CLANG_WARN_BOOL_CONVERSION = YES;
				CLANG_WARN_COMMA = YES;
				CLANG_WARN_CONSTANT_CONVERSION = YES;
				CLANG_WARN_DEPRECATED_OBJC_IMPLEMENTATIONS = YES;
				CLANG_WARN_DIRECT_OBJC_ISA_USAGE = YES_ERROR;
				CLANG_WARN_DOCUMENTATION_COMMENTS = YES;
				CLANG_WARN_EMPTY_BODY = YES;
				CLANG_WARN_ENUM_CONVERSION = YES;
				CLANG_WARN_INFINITE_RECURSION = YES;
				CLANG_WARN_INT_CONVERSION = YES;
				CLANG_WARN_NON_LITERAL_NULL_CONVERSION = YES;
				CLANG_WARN_OBJC_IMPLICIT_RETAIN_SELF = YES;
				CLANG_WARN_OBJC_LITERAL_CONVERSION = YES;
				CLANG_WARN_OBJC_ROOT_CLASS = YES_ERROR;
				CLANG_WARN_QUOTED_INCLUDE_IN_FRAMEWORK_HEADER = YES;
				CLANG_WARN_RANGE_LOOP_ANALYSIS = YES;
				CLANG_WARN_STRICT_PROTOTYPES = YES;
				CLANG_WARN_SUSPICIOUS_MOVE = YES;
				CLANG_WARN_UNGUARDED_AVAILABILITY = YES_AGGRESSIVE;
				CLANG_WARN_UNREACHABLE_CODE = YES;
				CLANG_WARN__DUPLICATE_METHOD_MATCH = YES;
				COPY_PHASE_STRIP = NO;
				DEBUG_INFORMATION_FORMAT = "dwarf-with-dsym";
				ENABLE_NS_ASSERTIONS = NO;
				ENABLE_STRICT_OBJC_MSGSEND = YES;
				GCC_C_LANGUAGE_STANDARD = gnu11;
				GCC_NO_COMMON_BLOCKS = YES;
				GCC_WARN_64_TO_32_BIT_CONVERSION = YES;
				GCC_WARN_ABOUT_RETURN_TYPE = YES_ERROR;
				GCC_WARN_UNDECLARED_SELECTOR = YES;
				GCC_WARN_UNINITIALIZED_AUTOS = YES_AGGRESSIVE;
				GCC_WARN_UNUSED_FUNCTION = YES;
				GCC_WARN_UNUSED_VARIABLE = YES;
				IPHONEOS_DEPLOYMENT_TARGET = 14.4;
				MTL_ENABLE_DEBUG_INFO = NO;
				MTL_FAST_MATH = YES;
				SDKROOT = iphoneos;
				SWIFT_COMPILATION_MODE = wholemodule;
				SWIFT_OPTIMIZATION_LEVEL = "-O";
				VALIDATE_PRODUCT = YES;
			};
			name = Release;
		};
		9295333B261A966800C8A7FB /* Debug */ = {
			isa = XCBuildConfiguration;
			baseConfigurationReference = 46263A3A2460BBC363262F20 /* Pods-ProyectoModulo1-5G.debug.xcconfig */;
			buildSettings = {
				ASSETCATALOG_COMPILER_APPICON_NAME = AppIcon;
				ASSETCATALOG_COMPILER_GLOBAL_ACCENT_COLOR_NAME = AccentColor;
				CODE_SIGN_STYLE = Automatic;
				INFOPLIST_FILE = "ProyectoModulo1-5G/Info.plist";
				LD_RUNPATH_SEARCH_PATHS = (
					"$(inherited)",
					"@executable_path/Frameworks",
				);
				PRODUCT_BUNDLE_IDENTIFIER = "com.project1.ProyectoModulo1-5G";
				PRODUCT_NAME = "$(TARGET_NAME)";
				SWIFT_VERSION = 5.0;
				TARGETED_DEVICE_FAMILY = "1,2";
			};
			name = Debug;
		};
		9295333C261A966800C8A7FB /* Release */ = {
			isa = XCBuildConfiguration;
			baseConfigurationReference = 2CE1A89670471B829D1B07EB /* Pods-ProyectoModulo1-5G.release.xcconfig */;
			buildSettings = {
				ASSETCATALOG_COMPILER_APPICON_NAME = AppIcon;
				ASSETCATALOG_COMPILER_GLOBAL_ACCENT_COLOR_NAME = AccentColor;
				CODE_SIGN_STYLE = Automatic;
				INFOPLIST_FILE = "ProyectoModulo1-5G/Info.plist";
				LD_RUNPATH_SEARCH_PATHS = (
					"$(inherited)",
					"@executable_path/Frameworks",
				);
				PRODUCT_BUNDLE_IDENTIFIER = "com.project1.ProyectoModulo1-5G";
				PRODUCT_NAME = "$(TARGET_NAME)";
				SWIFT_VERSION = 5.0;
				TARGETED_DEVICE_FAMILY = "1,2";
			};
			name = Release;
		};
/* End XCBuildConfiguration section */

/* Begin XCConfigurationList section */
		92953321261A966600C8A7FB /* Build configuration list for PBXProject "ProyectoModulo1-5G" */ = {
			isa = XCConfigurationList;
			buildConfigurations = (
				92953338261A966800C8A7FB /* Debug */,
				92953339261A966800C8A7FB /* Release */,
			);
			defaultConfigurationIsVisible = 0;
			defaultConfigurationName = Release;
		};
		9295333A261A966800C8A7FB /* Build configuration list for PBXNativeTarget "ProyectoModulo1-5G" */ = {
			isa = XCConfigurationList;
			buildConfigurations = (
				9295333B261A966800C8A7FB /* Debug */,
				9295333C261A966800C8A7FB /* Release */,
			);
			defaultConfigurationIsVisible = 0;
			defaultConfigurationName = Release;
		};
/* End XCConfigurationList section */
	};
	rootObject = 9295331E261A966600C8A7FB /* Project object */;
}
